// !$*UTF8*$!
{
	archiveVersion = 1;
	classes = {
	};
	objectVersion = 46;
	objects = {

/* Begin PBXBuildFile section */
		ED04AA0515BB6603006C7789 /* AWSiOSSDK.framework in Frameworks */ = {isa = PBXBuildFile; fileRef = ED04AA0415BB6603006C7789 /* AWSiOSSDK.framework */; };
		ED04AA0715BB694D006C7789 /* Icon@2X.png in Resources */ = {isa = PBXBuildFile; fileRef = ED04AA0615BB694D006C7789 /* Icon@2X.png */; };
		ED04AA0915BB6955006C7789 /* Icon.png in Resources */ = {isa = PBXBuildFile; fileRef = ED04AA0815BB6955006C7789 /* Icon.png */; };
		ED04AA1715BB7150006C7789 /* mashVC.m in Sources */ = {isa = PBXBuildFile; fileRef = ED04AA1515BB7150006C7789 /* mashVC.m */; };
		ED04AA1815BB7150006C7789 /* mashVC.xib in Resources */ = {isa = PBXBuildFile; fileRef = ED04AA1615BB7150006C7789 /* mashVC.xib */; };
		ED04AA1E15BB7457006C7789 /* MediaPlayer.framework in Frameworks */ = {isa = PBXBuildFile; fileRef = ED04AA1D15BB7457006C7789 /* MediaPlayer.framework */; };
		ED04AA2315BB776E006C7789 /* Default.png in Resources */ = {isa = PBXBuildFile; fileRef = ED04AA2115BB776E006C7789 /* Default.png */; };
		ED04AA2415BB776E006C7789 /* Default@2px.png in Resources */ = {isa = PBXBuildFile; fileRef = ED04AA2215BB776E006C7789 /* Default@2px.png */; };
		ED04AA2815BB77C3006C7789 /* galleryVC.m in Sources */ = {isa = PBXBuildFile; fileRef = ED04AA2615BB77C3006C7789 /* galleryVC.m */; };
		ED04AA2915BB77C3006C7789 /* galleryVC.xib in Resources */ = {isa = PBXBuildFile; fileRef = ED04AA2715BB77C3006C7789 /* galleryVC.xib */; };
		ED1EB22815BB5B7500424D3F /* UIKit.framework in Frameworks */ = {isa = PBXBuildFile; fileRef = ED1EB22715BB5B7500424D3F /* UIKit.framework */; };
		ED1EB22A15BB5B7500424D3F /* Foundation.framework in Frameworks */ = {isa = PBXBuildFile; fileRef = ED1EB22915BB5B7500424D3F /* Foundation.framework */; };
		ED1EB22C15BB5B7500424D3F /* CoreGraphics.framework in Frameworks */ = {isa = PBXBuildFile; fileRef = ED1EB22B15BB5B7500424D3F /* CoreGraphics.framework */; };
		ED1EB23215BB5B7500424D3F /* InfoPlist.strings in Resources */ = {isa = PBXBuildFile; fileRef = ED1EB23015BB5B7500424D3F /* InfoPlist.strings */; };
		ED1EB23415BB5B7500424D3F /* main.m in Sources */ = {isa = PBXBuildFile; fileRef = ED1EB23315BB5B7500424D3F /* main.m */; };
		ED1EB23815BB5B7500424D3F /* chickendance2AppDelegate.m in Sources */ = {isa = PBXBuildFile; fileRef = ED1EB23715BB5B7500424D3F /* chickendance2AppDelegate.m */; };
		ED1EB23B15BB5B7500424D3F /* MainWindow.xib in Resources */ = {isa = PBXBuildFile; fileRef = ED1EB23915BB5B7500424D3F /* MainWindow.xib */; };
		ED1EB23E15BB5B7500424D3F /* RootViewController.m in Sources */ = {isa = PBXBuildFile; fileRef = ED1EB23D15BB5B7500424D3F /* RootViewController.m */; };
		ED1EB24115BB5B7500424D3F /* RootViewController.xib in Resources */ = {isa = PBXBuildFile; fileRef = ED1EB23F15BB5B7500424D3F /* RootViewController.xib */; };
		EDECCDD515BB5DB100DAF8DC /* AVFoundation.framework in Frameworks */ = {isa = PBXBuildFile; fileRef = EDECCDD415BB5DB100DAF8DC /* AVFoundation.framework */; };
		EDF5298915BB62CA00DCCC64 /* recordAudioVC.m in Sources */ = {isa = PBXBuildFile; fileRef = EDF5298715BB62CA00DCCC64 /* recordAudioVC.m */; };
		EDF5298A15BB62CA00DCCC64 /* recordAudioVC.xib in Resources */ = {isa = PBXBuildFile; fileRef = EDF5298815BB62CA00DCCC64 /* recordAudioVC.xib */; };
/* End PBXBuildFile section */

/* Begin PBXFileReference section */
		ED04AA0415BB6603006C7789 /* AWSiOSSDK.framework */ = {isa = PBXFileReference; lastKnownFileType = wrapper.framework; name = AWSiOSSDK.framework; path = "../../../Downloads/aws-ios-sdk-1.3.2/AWSiOSSDK.framework"; sourceTree = "<group>"; };
		ED04AA0615BB694D006C7789 /* Icon@2X.png */ = {isa = PBXFileReference; lastKnownFileType = image.png; path = "Icon@2X.png"; sourceTree = "<group>"; };
		ED04AA0815BB6955006C7789 /* Icon.png */ = {isa = PBXFileReference; lastKnownFileType = image.png; path = Icon.png; sourceTree = "<group>"; };
		ED04AA1415BB7150006C7789 /* mashVC.h */ = {isa = PBXFileReference; fileEncoding = 4; lastKnownFileType = sourcecode.c.h; path = mashVC.h; sourceTree = "<group>"; };
		ED04AA1515BB7150006C7789 /* mashVC.m */ = {isa = PBXFileReference; fileEncoding = 4; lastKnownFileType = sourcecode.c.objc; path = mashVC.m; sourceTree = "<group>"; };
		ED04AA1615BB7150006C7789 /* mashVC.xib */ = {isa = PBXFileReference; fileEncoding = 4; lastKnownFileType = file.xib; path = mashVC.xib; sourceTree = "<group>"; };
		ED04AA1D15BB7457006C7789 /* MediaPlayer.framework */ = {isa = PBXFileReference; lastKnownFileType = wrapper.framework; name = MediaPlayer.framework; path = System/Library/Frameworks/MediaPlayer.framework; sourceTree = SDKROOT; };
		ED04AA2115BB776E006C7789 /* Default.png */ = {isa = PBXFileReference; lastKnownFileType = image.png; path = Default.png; sourceTree = "<group>"; };
		ED04AA2215BB776E006C7789 /* Default@2px.png */ = {isa = PBXFileReference; lastKnownFileType = image.png; path = "Default@2px.png"; sourceTree = "<group>"; };
		ED04AA2515BB77C3006C7789 /* galleryVC.h */ = {isa = PBXFileReference; fileEncoding = 4; lastKnownFileType = sourcecode.c.h; path = galleryVC.h; sourceTree = "<group>"; };
		ED04AA2615BB77C3006C7789 /* galleryVC.m */ = {isa = PBXFileReference; fileEncoding = 4; lastKnownFileType = sourcecode.c.objc; path = galleryVC.m; sourceTree = "<group>"; };
		ED04AA2715BB77C3006C7789 /* galleryVC.xib */ = {isa = PBXFileReference; fileEncoding = 4; lastKnownFileType = file.xib; path = galleryVC.xib; sourceTree = "<group>"; };
		ED1EB22315BB5B7500424D3F /* chickendance2.app */ = {isa = PBXFileReference; explicitFileType = wrapper.application; includeInIndex = 0; path = chickendance2.app; sourceTree = BUILT_PRODUCTS_DIR; };
		ED1EB22715BB5B7500424D3F /* UIKit.framework */ = {isa = PBXFileReference; lastKnownFileType = wrapper.framework; name = UIKit.framework; path = System/Library/Frameworks/UIKit.framework; sourceTree = SDKROOT; };
		ED1EB22915BB5B7500424D3F /* Foundation.framework */ = {isa = PBXFileReference; lastKnownFileType = wrapper.framework; name = Foundation.framework; path = System/Library/Frameworks/Foundation.framework; sourceTree = SDKROOT; };
		ED1EB22B15BB5B7500424D3F /* CoreGraphics.framework */ = {isa = PBXFileReference; lastKnownFileType = wrapper.framework; name = CoreGraphics.framework; path = System/Library/Frameworks/CoreGraphics.framework; sourceTree = SDKROOT; };
		ED1EB22F15BB5B7500424D3F /* chickendance2-Info.plist */ = {isa = PBXFileReference; lastKnownFileType = text.plist.xml; path = "chickendance2-Info.plist"; sourceTree = "<group>"; };
		ED1EB23115BB5B7500424D3F /* en */ = {isa = PBXFileReference; lastKnownFileType = text.plist.strings; name = en; path = en.lproj/InfoPlist.strings; sourceTree = "<group>"; };
		ED1EB23315BB5B7500424D3F /* main.m */ = {isa = PBXFileReference; lastKnownFileType = sourcecode.c.objc; path = main.m; sourceTree = "<group>"; };
		ED1EB23515BB5B7500424D3F /* chickendance2-Prefix.pch */ = {isa = PBXFileReference; lastKnownFileType = sourcecode.c.h; path = "chickendance2-Prefix.pch"; sourceTree = "<group>"; };
		ED1EB23615BB5B7500424D3F /* chickendance2AppDelegate.h */ = {isa = PBXFileReference; lastKnownFileType = sourcecode.c.h; path = chickendance2AppDelegate.h; sourceTree = "<group>"; };
		ED1EB23715BB5B7500424D3F /* chickendance2AppDelegate.m */ = {isa = PBXFileReference; lastKnownFileType = sourcecode.c.objc; path = chickendance2AppDelegate.m; sourceTree = "<group>"; };
		ED1EB23A15BB5B7500424D3F /* en */ = {isa = PBXFileReference; lastKnownFileType = file.xib; name = en; path = en.lproj/MainWindow.xib; sourceTree = "<group>"; };
		ED1EB23C15BB5B7500424D3F /* RootViewController.h */ = {isa = PBXFileReference; lastKnownFileType = sourcecode.c.h; path = RootViewController.h; sourceTree = "<group>"; };
		ED1EB23D15BB5B7500424D3F /* RootViewController.m */ = {isa = PBXFileReference; lastKnownFileType = sourcecode.c.objc; path = RootViewController.m; sourceTree = "<group>"; };
		ED1EB24015BB5B7500424D3F /* en */ = {isa = PBXFileReference; lastKnownFileType = file.xib; name = en; path = en.lproj/RootViewController.xib; sourceTree = "<group>"; };
		EDECCDD415BB5DB100DAF8DC /* AVFoundation.framework */ = {isa = PBXFileReference; lastKnownFileType = wrapper.framework; name = AVFoundation.framework; path = System/Library/Frameworks/AVFoundation.framework; sourceTree = SDKROOT; };
		EDF5298615BB62CA00DCCC64 /* recordAudioVC.h */ = {isa = PBXFileReference; fileEncoding = 4; lastKnownFileType = sourcecode.c.h; path = recordAudioVC.h; sourceTree = "<group>"; };
		EDF5298715BB62CA00DCCC64 /* recordAudioVC.m */ = {isa = PBXFileReference; fileEncoding = 4; lastKnownFileType = sourcecode.c.objc; path = recordAudioVC.m; sourceTree = "<group>"; };
		EDF5298815BB62CA00DCCC64 /* recordAudioVC.xib */ = {isa = PBXFileReference; fileEncoding = 4; lastKnownFileType = file.xib; path = recordAudioVC.xib; sourceTree = "<group>"; };
/* End PBXFileReference section */

/* Begin PBXFrameworksBuildPhase section */
		ED1EB22015BB5B7500424D3F /* Frameworks */ = {
			isa = PBXFrameworksBuildPhase;
			buildActionMask = 2147483647;
			files = (
				ED04AA1E15BB7457006C7789 /* MediaPlayer.framework in Frameworks */,
				ED04AA0515BB6603006C7789 /* AWSiOSSDK.framework in Frameworks */,
				EDECCDD515BB5DB100DAF8DC /* AVFoundation.framework in Frameworks */,
				ED1EB22815BB5B7500424D3F /* UIKit.framework in Frameworks */,
				ED1EB22A15BB5B7500424D3F /* Foundation.framework in Frameworks */,
				ED1EB22C15BB5B7500424D3F /* CoreGraphics.framework in Frameworks */,
			);
			runOnlyForDeploymentPostprocessing = 0;
		};
/* End PBXFrameworksBuildPhase section */

/* Begin PBXGroup section */
		ED1EB21815BB5B7400424D3F = {
			isa = PBXGroup;
			children = (
				ED04AA2115BB776E006C7789 /* Default.png */,
				ED04AA2215BB776E006C7789 /* Default@2px.png */,
				ED04AA1D15BB7457006C7789 /* MediaPlayer.framework */,
				ED04AA0815BB6955006C7789 /* Icon.png */,
				ED04AA0615BB694D006C7789 /* Icon@2X.png */,
				ED04AA0415BB6603006C7789 /* AWSiOSSDK.framework */,
				ED1EB22D15BB5B7500424D3F /* chickendance2 */,
				ED1EB22615BB5B7500424D3F /* Frameworks */,
				ED1EB22415BB5B7500424D3F /* Products */,
			);
			sourceTree = "<group>";
		};
		ED1EB22415BB5B7500424D3F /* Products */ = {
			isa = PBXGroup;
			children = (
				ED1EB22315BB5B7500424D3F /* chickendance2.app */,
			);
			name = Products;
			sourceTree = "<group>";
		};
		ED1EB22615BB5B7500424D3F /* Frameworks */ = {
			isa = PBXGroup;
			children = (
				EDECCDD415BB5DB100DAF8DC /* AVFoundation.framework */,
				ED1EB22715BB5B7500424D3F /* UIKit.framework */,
				ED1EB22915BB5B7500424D3F /* Foundation.framework */,
				ED1EB22B15BB5B7500424D3F /* CoreGraphics.framework */,
			);
			name = Frameworks;
			sourceTree = "<group>";
		};
		ED1EB22D15BB5B7500424D3F /* chickendance2 */ = {
			isa = PBXGroup;
			children = (
				ED1EB23615BB5B7500424D3F /* chickendance2AppDelegate.h */,
				ED1EB23715BB5B7500424D3F /* chickendance2AppDelegate.m */,
				ED1EB23915BB5B7500424D3F /* MainWindow.xib */,
				ED1EB23C15BB5B7500424D3F /* RootViewController.h */,
				ED1EB23D15BB5B7500424D3F /* RootViewController.m */,
				ED1EB23F15BB5B7500424D3F /* RootViewController.xib */,
				ED1EB22E15BB5B7500424D3F /* Supporting Files */,
				EDF5298615BB62CA00DCCC64 /* recordAudioVC.h */,
				EDF5298715BB62CA00DCCC64 /* recordAudioVC.m */,
				EDF5298815BB62CA00DCCC64 /* recordAudioVC.xib */,
				ED04AA1415BB7150006C7789 /* mashVC.h */,
				ED04AA1515BB7150006C7789 /* mashVC.m */,
				ED04AA1615BB7150006C7789 /* mashVC.xib */,
				ED04AA2515BB77C3006C7789 /* galleryVC.h */,
				ED04AA2615BB77C3006C7789 /* galleryVC.m */,
				ED04AA2715BB77C3006C7789 /* galleryVC.xib */,
			);
			path = chickendance2;
			sourceTree = "<group>";
		};
		ED1EB22E15BB5B7500424D3F /* Supporting Files */ = {
			isa = PBXGroup;
			children = (
				ED1EB22F15BB5B7500424D3F /* chickendance2-Info.plist */,
				ED1EB23015BB5B7500424D3F /* InfoPlist.strings */,
				ED1EB23315BB5B7500424D3F /* main.m */,
				ED1EB23515BB5B7500424D3F /* chickendance2-Prefix.pch */,
			);
			name = "Supporting Files";
			sourceTree = "<group>";
		};
/* End PBXGroup section */

/* Begin PBXNativeTarget section */
		ED1EB22215BB5B7500424D3F /* chickendance2 */ = {
			isa = PBXNativeTarget;
			buildConfigurationList = ED1EB24415BB5B7500424D3F /* Build configuration list for PBXNativeTarget "chickendance2" */;
			buildPhases = (
				ED1EB21F15BB5B7500424D3F /* Sources */,
				ED1EB22015BB5B7500424D3F /* Frameworks */,
				ED1EB22115BB5B7500424D3F /* Resources */,
			);
			buildRules = (
			);
			dependencies = (
			);
			name = chickendance2;
			productName = chickendance2;
			productReference = ED1EB22315BB5B7500424D3F /* chickendance2.app */;
			productType = "com.apple.product-type.application";
		};
/* End PBXNativeTarget section */

/* Begin PBXProject section */
		ED1EB21A15BB5B7400424D3F /* Project object */ = {
			isa = PBXProject;
			attributes = {
				LastUpgradeCheck = 0430;
				ORGANIZATIONNAME = "Momentus Media";
			};
			buildConfigurationList = ED1EB21D15BB5B7400424D3F /* Build configuration list for PBXProject "chickendance2" */;
			compatibilityVersion = "Xcode 3.2";
			developmentRegion = English;
			hasScannedForEncodings = 0;
			knownRegions = (
				en,
			);
			mainGroup = ED1EB21815BB5B7400424D3F;
			productRefGroup = ED1EB22415BB5B7500424D3F /* Products */;
			projectDirPath = "";
			projectRoot = "";
			targets = (
				ED1EB22215BB5B7500424D3F /* chickendance2 */,
			);
		};
/* End PBXProject section */

/* Begin PBXResourcesBuildPhase section */
		ED1EB22115BB5B7500424D3F /* Resources */ = {
			isa = PBXResourcesBuildPhase;
			buildActionMask = 2147483647;
			files = (
				ED1EB23215BB5B7500424D3F /* InfoPlist.strings in Resources */,
				ED1EB23B15BB5B7500424D3F /* MainWindow.xib in Resources */,
				ED1EB24115BB5B7500424D3F /* RootViewController.xib in Resources */,
				EDF5298A15BB62CA00DCCC64 /* recordAudioVC.xib in Resources */,
				ED04AA0715BB694D006C7789 /* Icon@2X.png in Resources */,
				ED04AA0915BB6955006C7789 /* Icon.png in Resources */,
				ED04AA1815BB7150006C7789 /* mashVC.xib in Resources */,
				ED04AA2315BB776E006C7789 /* Default.png in Resources */,
				ED04AA2415BB776E006C7789 /* Default@2px.png in Resources */,
				ED04AA2915BB77C3006C7789 /* galleryVC.xib in Resources */,
			);
			runOnlyForDeploymentPostprocessing = 0;
		};
/* End PBXResourcesBuildPhase section */

/* Begin PBXSourcesBuildPhase section */
		ED1EB21F15BB5B7500424D3F /* Sources */ = {
			isa = PBXSourcesBuildPhase;
			buildActionMask = 2147483647;
			files = (
				ED1EB23415BB5B7500424D3F /* main.m in Sources */,
				ED1EB23815BB5B7500424D3F /* chickendance2AppDelegate.m in Sources */,
				ED1EB23E15BB5B7500424D3F /* RootViewController.m in Sources */,
				EDF5298915BB62CA00DCCC64 /* recordAudioVC.m in Sources */,
				ED04AA1715BB7150006C7789 /* mashVC.m in Sources */,
				ED04AA2815BB77C3006C7789 /* galleryVC.m in Sources */,
			);
			runOnlyForDeploymentPostprocessing = 0;
		};
/* End PBXSourcesBuildPhase section */

/* Begin PBXVariantGroup section */
		ED1EB23015BB5B7500424D3F /* InfoPlist.strings */ = {
			isa = PBXVariantGroup;
			children = (
				ED1EB23115BB5B7500424D3F /* en */,
			);
			name = InfoPlist.strings;
			sourceTree = "<group>";
		};
		ED1EB23915BB5B7500424D3F /* MainWindow.xib */ = {
			isa = PBXVariantGroup;
			children = (
				ED1EB23A15BB5B7500424D3F /* en */,
			);
			name = MainWindow.xib;
			sourceTree = "<group>";
		};
		ED1EB23F15BB5B7500424D3F /* RootViewController.xib */ = {
			isa = PBXVariantGroup;
			children = (
				ED1EB24015BB5B7500424D3F /* en */,
			);
			name = RootViewController.xib;
			sourceTree = "<group>";
		};
/* End PBXVariantGroup section */

/* Begin XCBuildConfiguration section */
		ED1EB24215BB5B7500424D3F /* Debug */ = {
			isa = XCBuildConfiguration;
			buildSettings = {
				ALWAYS_SEARCH_USER_PATHS = NO;
				ARCHS = "$(ARCHS_STANDARD_32_BIT)";
				"CODE_SIGN_IDENTITY[sdk=iphoneos*]" = "iPhone Developer";
				COPY_PHASE_STRIP = NO;
				GCC_C_LANGUAGE_STANDARD = gnu99;
				GCC_DYNAMIC_NO_PIC = NO;
				GCC_OPTIMIZATION_LEVEL = 0;
				GCC_PREPROCESSOR_DEFINITIONS = (
					"DEBUG=1",
					"$(inherited)",
				);
				GCC_SYMBOLS_PRIVATE_EXTERN = NO;
				GCC_VERSION = com.apple.compilers.llvmgcc42;
				GCC_WARN_ABOUT_MISSING_PROTOTYPES = YES;
				GCC_WARN_ABOUT_RETURN_TYPE = YES;
				GCC_WARN_UNUSED_VARIABLE = YES;
				IPHONEOS_DEPLOYMENT_TARGET = 4.3;
				SDKROOT = iphoneos;
			};
			name = Debug;
		};
		ED1EB24315BB5B7500424D3F /* Release */ = {
			isa = XCBuildConfiguration;
			buildSettings = {
				ALWAYS_SEARCH_USER_PATHS = NO;
				ARCHS = "$(ARCHS_STANDARD_32_BIT)";
				"CODE_SIGN_IDENTITY[sdk=iphoneos*]" = "iPhone Developer";
				COPY_PHASE_STRIP = YES;
				GCC_C_LANGUAGE_STANDARD = gnu99;
				GCC_VERSION = com.apple.compilers.llvmgcc42;
				GCC_WARN_ABOUT_MISSING_PROTOTYPES = YES;
				GCC_WARN_ABOUT_RETURN_TYPE = YES;
				GCC_WARN_UNUSED_VARIABLE = YES;
				IPHONEOS_DEPLOYMENT_TARGET = 4.3;
				OTHER_CFLAGS = "-DNS_BLOCK_ASSERTIONS=1";
				SDKROOT = iphoneos;
				VALIDATE_PRODUCT = YES;
			};
			name = Release;
		};
		ED1EB24515BB5B7500424D3F /* Debug */ = {
			isa = XCBuildConfiguration;
			buildSettings = {
				FRAMEWORK_SEARCH_PATHS = (
					"$(inherited)",
					"\"$(SRCROOT)/../../aws-ios-sdk-1.2.2\"",
					"\"$(SRCROOT)/../../../Downloads/aws-ios-sdk-1.3.2\"",
				);
				GCC_PRECOMPILE_PREFIX_HEADER = YES;
				GCC_PREFIX_HEADER = "chickendance2/chickendance2-Prefix.pch";
				GCC_VERSION = com.apple.compilers.llvm.clang.1_0;
				INFOPLIST_FILE = "chickendance2/chickendance2-Info.plist";
				PRODUCT_NAME = "$(TARGET_NAME)";
				WRAPPER_EXTENSION = app;
			};
			name = Debug;
		};
		ED1EB24615BB5B7500424D3F /* Release */ = {
			isa = XCBuildConfiguration;
			buildSettings = {
				FRAMEWORK_SEARCH_PATHS = (
					"$(inherited)",
					"\"$(SRCROOT)/../../aws-ios-sdk-1.2.2\"",
					"\"$(SRCROOT)/../../../Downloads/aws-ios-sdk-1.3.2\"",
				);
				GCC_PRECOMPILE_PREFIX_HEADER = YES;
				GCC_PREFIX_HEADER = "chickendance2/chickendance2-Prefix.pch";
				GCC_VERSION = com.apple.compilers.llvm.clang.1_0;
				INFOPLIST_FILE = "chickendance2/chickendance2-Info.plist";
				PRODUCT_NAME = "$(TARGET_NAME)";
				WRAPPER_EXTENSION = app;
			};
			name = Release;
		};
/* End XCBuildConfiguration section */

/* Begin XCConfigurationList section */
		ED1EB21D15BB5B7400424D3F /* Build configuration list for PBXProject "chickendance2" */ = {
			isa = XCConfigurationList;
			buildConfigurations = (
				ED1EB24215BB5B7500424D3F /* Debug */,
				ED1EB24315BB5B7500424D3F /* Release */,
			);
			defaultConfigurationIsVisible = 0;
			defaultConfigurationName = Release;
		};
		ED1EB24415BB5B7500424D3F /* Build configuration list for PBXNativeTarget "chickendance2" */ = {
			isa = XCConfigurationList;
			buildConfigurations = (
				ED1EB24515BB5B7500424D3F /* Debug */,
				ED1EB24615BB5B7500424D3F /* Release */,
			);
			defaultConfigurationIsVisible = 0;
			defaultConfigurationName = Release;
		};
/* End XCConfigurationList section */
	};
	rootObject = ED1EB21A15BB5B7400424D3F /* Project object */;
}
